
Microsoft Visual Studio Solution File, Format Version 12.00
# Visual Studio Version 17
VisualStudioVersion = 17.14.36327.8
MinimumVisualStudioVersion = 10.0.40219.1
Project("{2150E333-8FDC-42A3-9474-1A3956D46DE8}") = "Services", "Services", "{02EA681E-C7D8-13C7-8484-4AC65E1B71E8}"
EndProject
Project("{2150E333-8FDC-42A3-9474-1A3956D46DE8}") = "Catalog", "Catalog", "{BC50F7BF-BB0F-4E45-BC64-CF58F30E3104}"
EndProject
Project("{FAE04EC0-301F-11D3-BF4B-00C04F79EFBC}") = "Catalog.API", "Services\Catalog\Catalog.API\Catalog.API.csproj", "{3FCB149B-C9D5-4B8D-A28F-E329908A870C}"
EndProject
Project("{2150E333-8FDC-42A3-9474-1A3956D46DE8}") = "BuildingBlocks", "BuildingBlocks", "{580C6A95-D117-4B48-83C8-E9B6E14E80D5}"
EndProject
Project("{FAE04EC0-301F-11D3-BF4B-00C04F79EFBC}") = "BuildingBlocks", "BuildingBlocks\BuildingBlocks\BuildingBlocks.csproj", "{E3A8B5E2-C305-45E9-B38B-4AC10563E168}"
EndProject
Project("{E53339B2-1760-4266-BCC7-CA923CBCF16C}") = "docker-compose", "docker-compose.dcproj", "{81DDED9D-158B-E303-5F62-77A2896D2A5A}"
EndProject
Project("{2150E333-8FDC-42A3-9474-1A3956D46DE8}") = "Basket", "Basket", "{825804A2-DED7-457D-BA5F-A8249790DCEC}"
EndProject
Project("{FAE04EC0-301F-11D3-BF4B-00C04F79EFBC}") = "Basket.API", "Services\Basket\Basket.API\Basket.API.csproj", "{FAA57735-E62F-43B7-9B0E-877B122CFDA2}"
EndProject
Project("{2150E333-8FDC-42A3-9474-1A3956D46DE8}") = "Discount", "Discount", "{6A3A12AB-E6CA-4C41-AE57-33F58E0CD328}"
EndProject
Project("{FAE04EC0-301F-11D3-BF4B-00C04F79EFBC}") = "Discount.Grpc", "Services\Discount\Discount.Grpc\Discount.Grpc.csproj", "{1CD7EB75-75FE-48B5-BF21-FFDE246EEB45}"
EndProject
Project("{2150E333-8FDC-42A3-9474-1A3956D46DE8}") = "Ordering", "Ordering", "{AF0AE69B-5AC9-4A93-8D11-F029C2A93413}"
EndProject
Project("{FAE04EC0-301F-11D3-BF4B-00C04F79EFBC}") = "Ordering.API", "Services\Ordering\Ordering.API\Ordering.API.csproj", "{14A733D5-DE8F-4992-8159-68B7A5318FFE}"
EndProject
Project("{FAE04EC0-301F-11D3-BF4B-00C04F79EFBC}") = "Ordering.Application", "Services\Ordering\Ordering.Application\Ordering.Application.csproj", "{56D091DE-B799-4C13-937C-4972EE0D8043}"
EndProject
Project("{FAE04EC0-301F-11D3-BF4B-00C04F79EFBC}") = "Ordering.Domain", "Services\Ordering\Ordering.Domain\Ordering.Domain.csproj", "{E0C785B8-BCBA-4779-A1DD-B1E3153F44E9}"
EndProject
Project("{FAE04EC0-301F-11D3-BF4B-00C04F79EFBC}") = "Ordering.Infrastructure", "Services\Ordering\Ordering.Infrastructure\Ordering.Infrastructure.csproj", "{39E91F91-C17A-4096-A9CD-DACAC8C09F77}"
EndProject
Global
	GlobalSection(SolutionConfigurationPlatforms) = preSolution
		Debug|Any CPU = Debug|Any CPU
		Release|Any CPU = Release|Any CPU
	EndGlobalSection
	GlobalSection(ProjectConfigurationPlatforms) = postSolution
		{3FCB149B-C9D5-4B8D-A28F-E329908A870C}.Debug|Any CPU.ActiveCfg = Debug|Any CPU
		{3FCB149B-C9D5-4B8D-A28F-E329908A870C}.Debug|Any CPU.Build.0 = Debug|Any CPU
		{3FCB149B-C9D5-4B8D-A28F-E329908A870C}.Release|Any CPU.ActiveCfg = Release|Any CPU
		{3FCB149B-C9D5-4B8D-A28F-E329908A870C}.Release|Any CPU.Build.0 = Release|Any CPU
		{E3A8B5E2-C305-45E9-B38B-4AC10563E168}.Debug|Any CPU.ActiveCfg = Debug|Any CPU
		{E3A8B5E2-C305-45E9-B38B-4AC10563E168}.Debug|Any CPU.Build.0 = Debug|Any CPU
		{E3A8B5E2-C305-45E9-B38B-4AC10563E168}.Release|Any CPU.ActiveCfg = Release|Any CPU
		{E3A8B5E2-C305-45E9-B38B-4AC10563E168}.Release|Any CPU.Build.0 = Release|Any CPU
		{81DDED9D-158B-E303-5F62-77A2896D2A5A}.Debug|Any CPU.ActiveCfg = Debug|Any CPU
		{81DDED9D-158B-E303-5F62-77A2896D2A5A}.Debug|Any CPU.Build.0 = Debug|Any CPU
		{81DDED9D-158B-E303-5F62-77A2896D2A5A}.Release|Any CPU.ActiveCfg = Release|Any CPU
		{81DDED9D-158B-E303-5F62-77A2896D2A5A}.Release|Any CPU.Build.0 = Release|Any CPU
		{FAA57735-E62F-43B7-9B0E-877B122CFDA2}.Debug|Any CPU.ActiveCfg = Debug|Any CPU
		{FAA57735-E62F-43B7-9B0E-877B122CFDA2}.Debug|Any CPU.Build.0 = Debug|Any CPU
		{FAA57735-E62F-43B7-9B0E-877B122CFDA2}.Release|Any CPU.ActiveCfg = Release|Any CPU
		{FAA57735-E62F-43B7-9B0E-877B122CFDA2}.Release|Any CPU.Build.0 = Release|Any CPU
		{1CD7EB75-75FE-48B5-BF21-FFDE246EEB45}.Debug|Any CPU.ActiveCfg = Debug|Any CPU
		{1CD7EB75-75FE-48B5-BF21-FFDE246EEB45}.Debug|Any CPU.Build.0 = Debug|Any CPU
		{1CD7EB75-75FE-48B5-BF21-FFDE246EEB45}.Release|Any CPU.ActiveCfg = Release|Any CPU
		{1CD7EB75-75FE-48B5-BF21-FFDE246EEB45}.Release|Any CPU.Build.0 = Release|Any CPU
		{14A733D5-DE8F-4992-8159-68B7A5318FFE}.Debug|Any CPU.ActiveCfg = Debug|Any CPU
		{14A733D5-DE8F-4992-8159-68B7A5318FFE}.Debug|Any CPU.Build.0 = Debug|Any CPU
		{14A733D5-DE8F-4992-8159-68B7A5318FFE}.Release|Any CPU.ActiveCfg = Release|Any CPU
		{14A733D5-DE8F-4992-8159-68B7A5318FFE}.Release|Any CPU.Build.0 = Release|Any CPU
		{56D091DE-B799-4C13-937C-4972EE0D8043}.Debug|Any CPU.ActiveCfg = Debug|Any CPU
		{56D091DE-B799-4C13-937C-4972EE0D8043}.Debug|Any CPU.Build.0 = Debug|Any CPU
		{56D091DE-B799-4C13-937C-4972EE0D8043}.Release|Any CPU.ActiveCfg = Release|Any CPU
		{56D091DE-B799-4C13-937C-4972EE0D8043}.Release|Any CPU.Build.0 = Release|Any CPU
		{E0C785B8-BCBA-4779-A1DD-B1E3153F44E9}.Debug|Any CPU.ActiveCfg = Debug|Any CPU
		{E0C785B8-BCBA-4779-A1DD-B1E3153F44E9}.Debug|Any CPU.Build.0 = Debug|Any CPU
		{E0C785B8-BCBA-4779-A1DD-B1E3153F44E9}.Release|Any CPU.ActiveCfg = Release|Any CPU
		{E0C785B8-BCBA-4779-A1DD-B1E3153F44E9}.Release|Any CPU.Build.0 = Release|Any CPU
		{39E91F91-C17A-4096-A9CD-DACAC8C09F77}.Debug|Any CPU.ActiveCfg = Debug|Any CPU
		{39E91F91-C17A-4096-A9CD-DACAC8C09F77}.Debug|Any CPU.Build.0 = Debug|Any CPU
		{39E91F91-C17A-4096-A9CD-DACAC8C09F77}.Release|Any CPU.ActiveCfg = Release|Any CPU
		{39E91F91-C17A-4096-A9CD-DACAC8C09F77}.Release|Any CPU.Build.0 = Release|Any CPU
	EndGlobalSection
	GlobalSection(SolutionProperties) = preSolution
		HideSolutionNode = FALSE
	EndGlobalSection
	GlobalSection(NestedProjects) = preSolution
		{BC50F7BF-BB0F-4E45-BC64-CF58F30E3104} = {02EA681E-C7D8-13C7-8484-4AC65E1B71E8}
		{3FCB149B-C9D5-4B8D-A28F-E329908A870C} = {BC50F7BF-BB0F-4E45-BC64-CF58F30E3104}
		{E3A8B5E2-C305-45E9-B38B-4AC10563E168} = {580C6A95-D117-4B48-83C8-E9B6E14E80D5}
		{825804A2-DED7-457D-BA5F-A8249790DCEC} = {02EA681E-C7D8-13C7-8484-4AC65E1B71E8}
		{FAA57735-E62F-43B7-9B0E-877B122CFDA2} = {825804A2-DED7-457D-BA5F-A8249790DCEC}
		{6A3A12AB-E6CA-4C41-AE57-33F58E0CD328} = {02EA681E-C7D8-13C7-8484-4AC65E1B71E8}
		{1CD7EB75-75FE-48B5-BF21-FFDE246EEB45} = {6A3A12AB-E6CA-4C41-AE57-33F58E0CD328}
		{AF0AE69B-5AC9-4A93-8D11-F029C2A93413} = {02EA681E-C7D8-13C7-8484-4AC65E1B71E8}
		{14A733D5-DE8F-4992-8159-68B7A5318FFE} = {AF0AE69B-5AC9-4A93-8D11-F029C2A93413}
		{56D091DE-B799-4C13-937C-4972EE0D8043} = {AF0AE69B-5AC9-4A93-8D11-F029C2A93413}
		{E0C785B8-BCBA-4779-A1DD-B1E3153F44E9} = {AF0AE69B-5AC9-4A93-8D11-F029C2A93413}
		{39E91F91-C17A-4096-A9CD-DACAC8C09F77} = {AF0AE69B-5AC9-4A93-8D11-F029C2A93413}
	EndGlobalSection
	GlobalSection(ExtensibilityGlobals) = postSolution
		SolutionGuid = {DC8815B9-2611-4763-A81B-5251B6E0A748}
	EndGlobalSection
EndGlobal
